
Microsoft Visual Studio Solution File, Format Version 12.00
# Visual Studio Version 17
VisualStudioVersion = 17.10.35122.118
MinimumVisualStudioVersion = 10.0.40219.1
Project("{9A19103F-16F7-4668-BE54-9A1E7A4F7556}") = "贪吃蛇", "贪吃蛇\贪吃蛇.csproj", "{8D049410-73AB-4A7F-8EB8-46A19235261C}"
EndProject
Global
	GlobalSection(SolutionConfigurationPlatforms) = preSolution
		Debug|Any CPU = Debug|Any CPU
		Release|Any CPU = Release|Any CPU
	EndGlobalSection
	GlobalSection(ProjectConfigurationPlatforms) = postSolution
		{8D049410-73AB-4A7F-8EB8-46A19235261C}.Debug|Any CPU.ActiveCfg = Debug|Any CPU
		{8D049410-73AB-4A7F-8EB8-46A19235261C}.Debug|Any CPU.Build.0 = Debug|Any CPU
		{8D049410-73AB-4A7F-8EB8-46A19235261C}.Release|Any CPU.ActiveCfg = Release|Any CPU
		{8D049410-73AB-4A7F-8EB8-46A19235261C}.Release|Any CPU.Build.0 = Release|Any CPU
	EndGlobalSection
	GlobalSection(SolutionProperties) = preSolution
		HideSolutionNode = FALSE
	EndGlobalSection
	GlobalSection(ExtensibilityGlobals) = postSolution
		SolutionGuid = {FA149D9D-5D0C-4210-B4AC-E63D7F3A0924}
	EndGlobalSection
EndGlobal
